
Microsoft Visual Studio Solution File, Format Version 12.00
# Visual Studio Version 17
VisualStudioVersion = 17.2.32630.192
MinimumVisualStudioVersion = 10.0.40219.1
Project("{FAE04EC0-301F-11D3-BF4B-00C04F79EFBC}") = "WizardMakerTestbed", "WizardMakerTestbed.csproj", "{DAD28F0A-35C1-4760-A008-8DA67F3C8D6E}"
EndProject
Project("{FAE04EC0-301F-11D3-BF4B-00C04F79EFBC}") = "WizardMakerTests", "..\WizardMakerTests\WizardMakerTests.csproj", "{61301103-3209-489B-8F36-DE68204BE88E}"
EndProject
Global
	GlobalSection(SolutionConfigurationPlatforms) = preSolution
		Debug|Any CPU = Debug|Any CPU
		Release|Any CPU = Release|Any CPU
	EndGlobalSection
	GlobalSection(ProjectConfigurationPlatforms) = postSolution
		{DAD28F0A-35C1-4760-A008-8DA67F3C8D6E}.Debug|Any CPU.ActiveCfg = Debug|Any CPU
		{DAD28F0A-35C1-4760-A008-8DA67F3C8D6E}.Debug|Any CPU.Build.0 = Debug|Any CPU
		{DAD28F0A-35C1-4760-A008-8DA67F3C8D6E}.Release|Any CPU.ActiveCfg = Release|Any CPU
		{DAD28F0A-35C1-4760-A008-8DA67F3C8D6E}.Release|Any CPU.Build.0 = Release|Any CPU
		{61301103-3209-489B-8F36-DE68204BE88E}.Debug|Any CPU.ActiveCfg = Debug|Any CPU
		{61301103-3209-489B-8F36-DE68204BE88E}.Debug|Any CPU.Build.0 = Debug|Any CPU
		{61301103-3209-489B-8F36-DE68204BE88E}.Release|Any CPU.ActiveCfg = Release|Any CPU
		{61301103-3209-489B-8F36-DE68204BE88E}.Release|Any CPU.Build.0 = Release|Any CPU
	EndGlobalSection
	GlobalSection(SolutionProperties) = preSolution
		HideSolutionNode = FALSE
	EndGlobalSection
	GlobalSection(ExtensibilityGlobals) = postSolution
		SolutionGuid = {D743BA30-0B47-46CD-9BE5-D09984FD5895}
	EndGlobalSection
EndGlobal
